schema: '2.0'
stages:
  train:
    cmd: python src/train.py
    deps:
    - path: data/iris.csv
      hash: md5
      md5: 5800fdd9aef31a98bc4ff239783be831
      size: 4029
    - path: params.yaml
      hash: md5
      md5: 08aefc1bbf84577ad5eca9067d850e0b
      size: 189
    - path: src/train.py
      hash: md5
      md5: 0debb7b23c74608fa4fa3d16e92a4abd
      size: 1592
    outs:
    - path: models/model.pkl
      hash: md5
      md5: 3e17927adf9d478b320cfee39f852738
      size: 187361
